{
  "name": "vue组件",
  "lockfileVersion": 3,
  "requires": true,
  "packages": {
    "": {
      "dependencies": {
        "layui": "^2.8.12"
      }
    },
    "node_modules/layui": {
      "version": "2.8.12",
      "resolved": "https://registry.npmmirror.com/layui/-/layui-2.8.12.tgz",
      "integrity": "sha512-BPn33F6iLalyXhrmH0+4S6rEeaStjG67Zh6tSqZfUNd/vEulBxosdy6ycf9/11t+Jfe+HelUis/pF371V9SH2g=="
    }
  }
}
